
Microsoft Visual Studio Solution File, Format Version 12.00
# Visual Studio 15
VisualStudioVersion = 15.0.27004.2010
MinimumVisualStudioVersion = 10.0.40219.1
Project("{FAE04EC0-301F-11D3-BF4B-00C04F79EFBC}") = "ImpotDomaine", "ImpotDomaine\ImpotDomaine.csproj", "{916842AA-3D7E-476D-903C-D19480E574F3}"
EndProject
Global
	GlobalSection(SolutionConfigurationPlatforms) = preSolution
		Debug|Any CPU = Debug|Any CPU
		Release|Any CPU = Release|Any CPU
	EndGlobalSection
	GlobalSection(ProjectConfigurationPlatforms) = postSolution
		{916842AA-3D7E-476D-903C-D19480E574F3}.Debug|Any CPU.ActiveCfg = Debug|Any CPU
		{916842AA-3D7E-476D-903C-D19480E574F3}.Debug|Any CPU.Build.0 = Debug|Any CPU
		{916842AA-3D7E-476D-903C-D19480E574F3}.Release|Any CPU.ActiveCfg = Release|Any CPU
		{916842AA-3D7E-476D-903C-D19480E574F3}.Release|Any CPU.Build.0 = Release|Any CPU
	EndGlobalSection
	GlobalSection(SolutionProperties) = preSolution
		HideSolutionNode = FALSE
	EndGlobalSection
	GlobalSection(ExtensibilityGlobals) = postSolution
		SolutionGuid = {5C5D0A33-207B-44A2-BE84-8D93F1D2263D}
	EndGlobalSection
EndGlobal
